// !$*UTF8*$!
{
	archiveVersion = 1;
	classes = {
	};
	objectVersion = 56;
	objects = {

/* Begin PBXBuildFile section */
		278BBEC72BE129120088AB47 /* MainViewModel.swift in Sources */ = {isa = PBXBuildFile; fileRef = 278BBEC62BE129120088AB47 /* MainViewModel.swift */; };
		278BBECA2BE1311C0088AB47 /* TrafficLightScreen.swift in Sources */ = {isa = PBXBuildFile; fileRef = 278BBEC92BE1311C0088AB47 /* TrafficLightScreen.swift */; };
		278BBECC2BE1312D0088AB47 /* TrafficLightScreenViewModel.swift in Sources */ = {isa = PBXBuildFile; fileRef = 278BBECB2BE1312D0088AB47 /* TrafficLightScreenViewModel.swift */; };
		278BBED22BE138D40088AB47 /* MainViewModelTests.swift in Sources */ = {isa = PBXBuildFile; fileRef = 278BBED12BE138D40088AB47 /* MainViewModelTests.swift */; };
		27EACE122BE126C700422A9B /* TrafficLightApp.swift in Sources */ = {isa = PBXBuildFile; fileRef = 27EACE112BE126C700422A9B /* TrafficLightApp.swift */; };
		27EACE142BE126C700422A9B /* MainScreen.swift in Sources */ = {isa = PBXBuildFile; fileRef = 27EACE132BE126C700422A9B /* MainScreen.swift */; };
		27EACE162BE126C800422A9B /* Assets.xcassets in Resources */ = {isa = PBXBuildFile; fileRef = 27EACE152BE126C800422A9B /* Assets.xcassets */; };
		27EACE192BE126C800422A9B /* Preview Assets.xcassets in Resources */ = {isa = PBXBuildFile; fileRef = 27EACE182BE126C800422A9B /* Preview Assets.xcassets */; };
		27EACE2D2BE126C900422A9B /* TrafficLightUITests.swift in Sources */ = {isa = PBXBuildFile; fileRef = 27EACE2C2BE126C900422A9B /* TrafficLightUITests.swift */; };
		27EACE2F2BE126C900422A9B /* TrafficLightUITestsLaunchTests.swift in Sources */ = {isa = PBXBuildFile; fileRef = 27EACE2E2BE126C900422A9B /* TrafficLightUITestsLaunchTests.swift */; };
/* End PBXBuildFile section */

/* Begin PBXContainerItemProxy section */
		27EACE1F2BE126C900422A9B /* PBXContainerItemProxy */ = {
			isa = PBXContainerItemProxy;
			containerPortal = 27EACE062BE126C700422A9B /* Project object */;
			proxyType = 1;
			remoteGlobalIDString = 27EACE0D2BE126C700422A9B;
			remoteInfo = TrafficLight;
		};
		27EACE292BE126C900422A9B /* PBXContainerItemProxy */ = {
			isa = PBXContainerItemProxy;
			containerPortal = 27EACE062BE126C700422A9B /* Project object */;
			proxyType = 1;
			remoteGlobalIDString = 27EACE0D2BE126C700422A9B;
			remoteInfo = TrafficLight;
		};
/* End PBXContainerItemProxy section */

/* Begin PBXFileReference section */
		278BBEC62BE129120088AB47 /* MainViewModel.swift */ = {isa = PBXFileReference; lastKnownFileType = sourcecode.swift; path = MainViewModel.swift; sourceTree = "<group>"; };
		278BBEC92BE1311C0088AB47 /* TrafficLightScreen.swift */ = {isa = PBXFileReference; lastKnownFileType = sourcecode.swift; path = TrafficLightScreen.swift; sourceTree = "<group>"; };
		278BBECB2BE1312D0088AB47 /* TrafficLightScreenViewModel.swift */ = {isa = PBXFileReference; lastKnownFileType = sourcecode.swift; path = TrafficLightScreenViewModel.swift; sourceTree = "<group>"; };
		278BBED12BE138D40088AB47 /* MainViewModelTests.swift */ = {isa = PBXFileReference; lastKnownFileType = sourcecode.swift; path = MainViewModelTests.swift; sourceTree = "<group>"; };
		27EACE0E2BE126C700422A9B /* TrafficLight.app */ = {isa = PBXFileReference; explicitFileType = wrapper.application; includeInIndex = 0; path = TrafficLight.app; sourceTree = BUILT_PRODUCTS_DIR; };
		27EACE112BE126C700422A9B /* TrafficLightApp.swift */ = {isa = PBXFileReference; lastKnownFileType = sourcecode.swift; path = TrafficLightApp.swift; sourceTree = "<group>"; };
		27EACE132BE126C700422A9B /* MainScreen.swift */ = {isa = PBXFileReference; lastKnownFileType = sourcecode.swift; path = MainScreen.swift; sourceTree = "<group>"; };
		27EACE152BE126C800422A9B /* Assets.xcassets */ = {isa = PBXFileReference; lastKnownFileType = folder.assetcatalog; path = Assets.xcassets; sourceTree = "<group>"; };
		27EACE182BE126C800422A9B /* Preview Assets.xcassets */ = {isa = PBXFileReference; lastKnownFileType = folder.assetcatalog; path = "Preview Assets.xcassets"; sourceTree = "<group>"; };
		27EACE1E2BE126C900422A9B /* TrafficLightTests.xctest */ = {isa = PBXFileReference; explicitFileType = wrapper.cfbundle; includeInIndex = 0; path = TrafficLightTests.xctest; sourceTree = BUILT_PRODUCTS_DIR; };
		27EACE282BE126C900422A9B /* TrafficLightUITests.xctest */ = {isa = PBXFileReference; explicitFileType = wrapper.cfbundle; includeInIndex = 0; path = TrafficLightUITests.xctest; sourceTree = BUILT_PRODUCTS_DIR; };
		27EACE2C2BE126C900422A9B /* TrafficLightUITests.swift */ = {isa = PBXFileReference; lastKnownFileType = sourcecode.swift; path = TrafficLightUITests.swift; sourceTree = "<group>"; };
		27EACE2E2BE126C900422A9B /* TrafficLightUITestsLaunchTests.swift */ = {isa = PBXFileReference; lastKnownFileType = sourcecode.swift; path = TrafficLightUITestsLaunchTests.swift; sourceTree = "<group>"; };
/* End PBXFileReference section */

/* Begin PBXFrameworksBuildPhase section */
		27EACE0B2BE126C700422A9B /* Frameworks */ = {
			isa = PBXFrameworksBuildPhase;
			buildActionMask = 2147483647;
			files = (
			);
			runOnlyForDeploymentPostprocessing = 0;
		};
		27EACE1B2BE126C900422A9B /* Frameworks */ = {
			isa = PBXFrameworksBuildPhase;
			buildActionMask = 2147483647;
			files = (
			);
			runOnlyForDeploymentPostprocessing = 0;
		};
		27EACE252BE126C900422A9B /* Frameworks */ = {
			isa = PBXFrameworksBuildPhase;
			buildActionMask = 2147483647;
			files = (
			);
			runOnlyForDeploymentPostprocessing = 0;
		};
/* End PBXFrameworksBuildPhase section */

/* Begin PBXGroup section */
		278BBEC32BE127C00088AB47 /* Models */ = {
			isa = PBXGroup;
			children = (
			);
			path = Models;
			sourceTree = "<group>";
		};
		278BBEC42BE127C80088AB47 /* Screens */ = {
			isa = PBXGroup;
			children = (
				278BBEC82BE130FE0088AB47 /* TrafficLight */,
				278BBEC52BE129000088AB47 /* Main */,
			);
			path = Screens;
			sourceTree = "<group>";
		};
		278BBEC52BE129000088AB47 /* Main */ = {
			isa = PBXGroup;
			children = (
				27EACE132BE126C700422A9B /* MainScreen.swift */,
				278BBEC62BE129120088AB47 /* MainViewModel.swift */,
			);
			path = Main;
			sourceTree = "<group>";
		};
		278BBEC82BE130FE0088AB47 /* TrafficLight */ = {
			isa = PBXGroup;
			children = (
				278BBEC92BE1311C0088AB47 /* TrafficLightScreen.swift */,
				278BBECB2BE1312D0088AB47 /* TrafficLightScreenViewModel.swift */,
			);
			path = TrafficLight;
			sourceTree = "<group>";
		};
		278BBED02BE138B70088AB47 /* Screens */ = {
			isa = PBXGroup;
			children = (
				278BBED12BE138D40088AB47 /* MainViewModelTests.swift */,
			);
			path = Screens;
			sourceTree = "<group>";
		};
		27EACE052BE126C700422A9B = {
			isa = PBXGroup;
			children = (
				27EACE102BE126C700422A9B /* TrafficLight */,
				27EACE212BE126C900422A9B /* TrafficLightTests */,
				27EACE2B2BE126C900422A9B /* TrafficLightUITests */,
				27EACE0F2BE126C700422A9B /* Products */,
			);
			sourceTree = "<group>";
		};
		27EACE0F2BE126C700422A9B /* Products */ = {
			isa = PBXGroup;
			children = (
				27EACE0E2BE126C700422A9B /* TrafficLight.app */,
				27EACE1E2BE126C900422A9B /* TrafficLightTests.xctest */,
				27EACE282BE126C900422A9B /* TrafficLightUITests.xctest */,
			);
			name = Products;
			sourceTree = "<group>";
		};
		27EACE102BE126C700422A9B /* TrafficLight */ = {
			isa = PBXGroup;
			children = (
				278BBEC42BE127C80088AB47 /* Screens */,
				278BBEC32BE127C00088AB47 /* Models */,
				27EACE112BE126C700422A9B /* TrafficLightApp.swift */,
				27EACE152BE126C800422A9B /* Assets.xcassets */,
				27EACE172BE126C800422A9B /* Preview Content */,
			);
			path = TrafficLight;
			sourceTree = "<group>";
		};
		27EACE172BE126C800422A9B /* Preview Content */ = {
			isa = PBXGroup;
			children = (
				27EACE182BE126C800422A9B /* Preview Assets.xcassets */,
			);
			path = "Preview Content";
			sourceTree = "<group>";
		};
		27EACE212BE126C900422A9B /* TrafficLightTests */ = {
			isa = PBXGroup;
			children = (
				278BBED02BE138B70088AB47 /* Screens */,
			);
			path = TrafficLightTests;
			sourceTree = "<group>";
		};
		27EACE2B2BE126C900422A9B /* TrafficLightUITests */ = {
			isa = PBXGroup;
			children = (
				27EACE2C2BE126C900422A9B /* TrafficLightUITests.swift */,
				27EACE2E2BE126C900422A9B /* TrafficLightUITestsLaunchTests.swift */,
			);
			path = TrafficLightUITests;
			sourceTree = "<group>";
		};
/* End PBXGroup section */

/* Begin PBXNativeTarget section */
		27EACE0D2BE126C700422A9B /* TrafficLight */ = {
			isa = PBXNativeTarget;
			buildConfigurationList = 27EACE322BE126C900422A9B /* Build configuration list for PBXNativeTarget "TrafficLight" */;
			buildPhases = (
				27EACE0A2BE126C700422A9B /* Sources */,
				27EACE0B2BE126C700422A9B /* Frameworks */,
				27EACE0C2BE126C700422A9B /* Resources */,
			);
			buildRules = (
			);
			dependencies = (
			);
			name = TrafficLight;
			productName = TrafficLight;
			productReference = 27EACE0E2BE126C700422A9B /* TrafficLight.app */;
			productType = "com.apple.product-type.application";
		};
		27EACE1D2BE126C900422A9B /* TrafficLightTests */ = {
			isa = PBXNativeTarget;
			buildConfigurationList = 27EACE352BE126C900422A9B /* Build configuration list for PBXNativeTarget "TrafficLightTests" */;
			buildPhases = (
				27EACE1A2BE126C900422A9B /* Sources */,
				27EACE1B2BE126C900422A9B /* Frameworks */,
				27EACE1C2BE126C900422A9B /* Resources */,
			);
			buildRules = (
			);
			dependencies = (
				27EACE202BE126C900422A9B /* PBXTargetDependency */,
			);
			name = TrafficLightTests;
			productName = TrafficLightTests;
			productReference = 27EACE1E2BE126C900422A9B /* TrafficLightTests.xctest */;
			productType = "com.apple.product-type.bundle.unit-test";
		};
		27EACE272BE126C900422A9B /* TrafficLightUITests */ = {
			isa = PBXNativeTarget;
			buildConfigurationList = 27EACE382BE126C900422A9B /* Build configuration list for PBXNativeTarget "TrafficLightUITests" */;
			buildPhases = (
				27EACE242BE126C900422A9B /* Sources */,
				27EACE252BE126C900422A9B /* Frameworks */,
				27EACE262BE126C900422A9B /* Resources */,
			);
			buildRules = (
			);
			dependencies = (
				27EACE2A2BE126C900422A9B /* PBXTargetDependency */,
			);
			name = TrafficLightUITests;
			productName = TrafficLightUITests;
			productReference = 27EACE282BE126C900422A9B /* TrafficLightUITests.xctest */;
			productType = "com.apple.product-type.bundle.ui-testing";
		};
/* End PBXNativeTarget section */

/* Begin PBXProject section */
		27EACE062BE126C700422A9B /* Project object */ = {
			isa = PBXProject;
			attributes = {
				BuildIndependentTargetsInParallel = 1;
				LastSwiftUpdateCheck = 1520;
				LastUpgradeCheck = 1520;
				TargetAttributes = {
					27EACE0D2BE126C700422A9B = {
						CreatedOnToolsVersion = 15.2;
					};
					27EACE1D2BE126C900422A9B = {
						CreatedOnToolsVersion = 15.2;
						TestTargetID = 27EACE0D2BE126C700422A9B;
					};
					27EACE272BE126C900422A9B = {
						CreatedOnToolsVersion = 15.2;
						TestTargetID = 27EACE0D2BE126C700422A9B;
					};
				};
			};
			buildConfigurationList = 27EACE092BE126C700422A9B /* Build configuration list for PBXProject "TrafficLight" */;
			compatibilityVersion = "Xcode 14.0";
			developmentRegion = en;
			hasScannedForEncodings = 0;
			knownRegions = (
				en,
				Base,
			);
			mainGroup = 27EACE052BE126C700422A9B;
			productRefGroup = 27EACE0F2BE126C700422A9B /* Products */;
			projectDirPath = "";
			projectRoot = "";
			targets = (
				27EACE0D2BE126C700422A9B /* TrafficLight */,
				27EACE1D2BE126C900422A9B /* TrafficLightTests */,
				27EACE272BE126C900422A9B /* TrafficLightUITests */,
			);
		};
/* End PBXProject section */

/* Begin PBXResourcesBuildPhase section */
		27EACE0C2BE126C700422A9B /* Resources */ = {
			isa = PBXResourcesBuildPhase;
			buildActionMask = 2147483647;
			files = (
				27EACE192BE126C800422A9B /* Preview Assets.xcassets in Resources */,
				27EACE162BE126C800422A9B /* Assets.xcassets in Resources */,
			);
			runOnlyForDeploymentPostprocessing = 0;
		};
		27EACE1C2BE126C900422A9B /* Resources */ = {
			isa = PBXResourcesBuildPhase;
			buildActionMask = 2147483647;
			files = (
			);
			runOnlyForDeploymentPostprocessing = 0;
		};
		27EACE262BE126C900422A9B /* Resources */ = {
			isa = PBXResourcesBuildPhase;
			buildActionMask = 2147483647;
			files = (
			);
			runOnlyForDeploymentPostprocessing = 0;
		};
/* End PBXResourcesBuildPhase section */

/* Begin PBXSourcesBuildPhase section */
		27EACE0A2BE126C700422A9B /* Sources */ = {
			isa = PBXSourcesBuildPhase;
			buildActionMask = 2147483647;
			files = (
				27EACE142BE126C700422A9B /* MainScreen.swift in Sources */,
				27EACE122BE126C700422A9B /* TrafficLightApp.swift in Sources */,
				278BBECC2BE1312D0088AB47 /* TrafficLightScreenViewModel.swift in Sources */,
				278BBEC72BE129120088AB47 /* MainViewModel.swift in Sources */,
				278BBECA2BE1311C0088AB47 /* TrafficLightScreen.swift in Sources */,
			);
			runOnlyForDeploymentPostprocessing = 0;
		};
		27EACE1A2BE126C900422A9B /* Sources */ = {
			isa = PBXSourcesBuildPhase;
			buildActionMask = 2147483647;
			files = (
				278BBED22BE138D40088AB47 /* MainViewModelTests.swift in Sources */,
			);
			runOnlyForDeploymentPostprocessing = 0;
		};
		27EACE242BE126C900422A9B /* Sources */ = {
			isa = PBXSourcesBuildPhase;
			buildActionMask = 2147483647;
			files = (
				27EACE2D2BE126C900422A9B /* TrafficLightUITests.swift in Sources */,
				27EACE2F2BE126C900422A9B /* TrafficLightUITestsLaunchTests.swift in Sources */,
			);
			runOnlyForDeploymentPostprocessing = 0;
		};
/* End PBXSourcesBuildPhase section */

/* Begin PBXTargetDependency section */
		27EACE202BE126C900422A9B /* PBXTargetDependency */ = {
			isa = PBXTargetDependency;
			target = 27EACE0D2BE126C700422A9B /* TrafficLight */;
			targetProxy = 27EACE1F2BE126C900422A9B /* PBXContainerItemProxy */;
		};
		27EACE2A2BE126C900422A9B /* PBXTargetDependency */ = {
			isa = PBXTargetDependency;
			target = 27EACE0D2BE126C700422A9B /* TrafficLight */;
			targetProxy = 27EACE292BE126C900422A9B /* PBXContainerItemProxy */;
		};
/* End PBXTargetDependency section */

/* Begin XCBuildConfiguration section */
		27EACE302BE126C900422A9B /* Debug */ = {
			isa = XCBuildConfiguration;
			buildSettings = {
				ALWAYS_SEARCH_USER_PATHS = NO;
				ASSETCATALOG_COMPILER_GENERATE_SWIFT_ASSET_SYMBOL_EXTENSIONS = YES;
				CLANG_ANALYZER_NONNULL = YES;
				CLANG_ANALYZER_NUMBER_OBJECT_CONVERSION = YES_AGGRESSIVE;
				CLANG_CXX_LANGUAGE_STANDARD = "gnu++20";
				CLANG_ENABLE_MODULES = YES;
				CLANG_ENABLE_OBJC_ARC = YES;
				CLANG_ENABLE_OBJC_WEAK = YES;
				CLANG_WARN_BLOCK_CAPTURE_AUTORELEASING = YES;
				CLANG_WARN_BOOL_CONVERSION = YES;
				CLANG_WARN_COMMA = YES;
				CLANG_WARN_CONSTANT_CONVERSION = YES;
				CLANG_WARN_DEPRECATED_OBJC_IMPLEMENTATIONS = YES;
				CLANG_WARN_DIRECT_OBJC_ISA_USAGE = YES_ERROR;
				CLANG_WARN_DOCUMENTATION_COMMENTS = YES;
				CLANG_WARN_EMPTY_BODY = YES;
				CLANG_WARN_ENUM_CONVERSION = YES;
				CLANG_WARN_INFINITE_RECURSION = YES;
				CLANG_WARN_INT_CONVERSION = YES;
				CLANG_WARN_NON_LITERAL_NULL_CONVERSION = YES;
				CLANG_WARN_OBJC_IMPLICIT_RETAIN_SELF = YES;
				CLANG_WARN_OBJC_LITERAL_CONVERSION = YES;
				CLANG_WARN_OBJC_ROOT_CLASS = YES_ERROR;
				CLANG_WARN_QUOTED_INCLUDE_IN_FRAMEWORK_HEADER = YES;
				CLANG_WARN_RANGE_LOOP_ANALYSIS = YES;
				CLANG_WARN_STRICT_PROTOTYPES = YES;
				CLANG_WARN_SUSPICIOUS_MOVE = YES;
				CLANG_WARN_UNGUARDED_AVAILABILITY = YES_AGGRESSIVE;
				CLANG_WARN_UNREACHABLE_CODE = YES;
				CLANG_WARN__DUPLICATE_METHOD_MATCH = YES;
				COPY_PHASE_STRIP = NO;
				DEBUG_INFORMATION_FORMAT = dwarf;
				ENABLE_STRICT_OBJC_MSGSEND = YES;
				ENABLE_TESTABILITY = YES;
				ENABLE_USER_SCRIPT_SANDBOXING = YES;
				GCC_C_LANGUAGE_STANDARD = gnu17;
				GCC_DYNAMIC_NO_PIC = NO;
				GCC_NO_COMMON_BLOCKS = YES;
				GCC_OPTIMIZATION_LEVEL = 0;
				GCC_PREPROCESSOR_DEFINITIONS = (
					"DEBUG=1",
					"$(inherited)",
				);
				GCC_WARN_64_TO_32_BIT_CONVERSION = YES;
				GCC_WARN_ABOUT_RETURN_TYPE = YES_ERROR;
				GCC_WARN_UNDECLARED_SELECTOR = YES;
				GCC_WARN_UNINITIALIZED_AUTOS = YES_AGGRESSIVE;
				GCC_WARN_UNUSED_FUNCTION = YES;
				GCC_WARN_UNUSED_VARIABLE = YES;
				IPHONEOS_DEPLOYMENT_TARGET = 17.4;
				LOCALIZATION_PREFERS_STRING_CATALOGS = YES;
				MTL_ENABLE_DEBUG_INFO = INCLUDE_SOURCE;
				MTL_FAST_MATH = YES;
				ONLY_ACTIVE_ARCH = YES;
				SDKROOT = iphoneos;
				SWIFT_ACTIVE_COMPILATION_CONDITIONS = "DEBUG $(inherited)";
				SWIFT_OPTIMIZATION_LEVEL = "-Onone";
			};
			name = Debug;
		};
		27EACE312BE126C900422A9B /* Release */ = {
			isa = XCBuildConfiguration;
			buildSettings = {
				ALWAYS_SEARCH_USER_PATHS = NO;
				ASSETCATALOG_COMPILER_GENERATE_SWIFT_ASSET_SYMBOL_EXTENSIONS = YES;
				CLANG_ANALYZER_NONNULL = YES;
				CLANG_ANALYZER_NUMBER_OBJECT_CONVERSION = YES_AGGRESSIVE;
				CLANG_CXX_LANGUAGE_STANDARD = "gnu++20";
				CLANG_ENABLE_MODULES = YES;
				CLANG_ENABLE_OBJC_ARC = YES;
				CLANG_ENABLE_OBJC_WEAK = YES;
				CLANG_WARN_BLOCK_CAPTURE_AUTORELEASING = YES;
				CLANG_WARN_BOOL_CONVERSION = YES;
				CLANG_WARN_COMMA = YES;
				CLANG_WARN_CONSTANT_CONVERSION = YES;
				CLANG_WARN_DEPRECATED_OBJC_IMPLEMENTATIONS = YES;
				CLANG_WARN_DIRECT_OBJC_ISA_USAGE = YES_ERROR;
				CLANG_WARN_DOCUMENTATION_COMMENTS = YES;
				CLANG_WARN_EMPTY_BODY = YES;
				CLANG_WARN_ENUM_CONVERSION = YES;
				CLANG_WARN_INFINITE_RECURSION = YES;
				CLANG_WARN_INT_CONVERSION = YES;
				CLANG_WARN_NON_LITERAL_NULL_CONVERSION = YES;
				CLANG_WARN_OBJC_IMPLICIT_RETAIN_SELF = YES;
				CLANG_WARN_OBJC_LITERAL_CONVERSION = YES;
				CLANG_WARN_OBJC_ROOT_CLASS = YES_ERROR;
				CLANG_WARN_QUOTED_INCLUDE_IN_FRAMEWORK_HEADER = YES;
				CLANG_WARN_RANGE_LOOP_ANALYSIS = YES;
				CLANG_WARN_STRICT_PROTOTYPES = YES;
				CLANG_WARN_SUSPICIOUS_MOVE = YES;
				CLANG_WARN_UNGUARDED_AVAILABILITY = YES_AGGRESSIVE;
				CLANG_WARN_UNREACHABLE_CODE = YES;
				CLANG_WARN__DUPLICATE_METHOD_MATCH = YES;
				COPY_PHASE_STRIP = NO;
				DEBUG_INFORMATION_FORMAT = "dwarf-with-dsym";
				ENABLE_NS_ASSERTIONS = NO;
				ENABLE_STRICT_OBJC_MSGSEND = YES;
				ENABLE_USER_SCRIPT_SANDBOXING = YES;
				GCC_C_LANGUAGE_STANDARD = gnu17;
				GCC_NO_COMMON_BLOCKS = YES;
				GCC_WARN_64_TO_32_BIT_CONVERSION = YES;
				GCC_WARN_ABOUT_RETURN_TYPE = YES_ERROR;
				GCC_WARN_UNDECLARED_SELECTOR = YES;
				GCC_WARN_UNINITIALIZED_AUTOS = YES_AGGRESSIVE;
				GCC_WARN_UNUSED_FUNCTION = YES;
				GCC_WARN_UNUSED_VARIABLE = YES;
				IPHONEOS_DEPLOYMENT_TARGET = 17.4;
				LOCALIZATION_PREFERS_STRING_CATALOGS = YES;
				MTL_ENABLE_DEBUG_INFO = NO;
				MTL_FAST_MATH = YES;
				SDKROOT = iphoneos;
				SWIFT_COMPILATION_MODE = wholemodule;
				VALIDATE_PRODUCT = YES;
			};
			name = Release;
		};
		27EACE332BE126C900422A9B /* Debug */ = {
			isa = XCBuildConfiguration;
			buildSettings = {
				ASSETCATALOG_COMPILER_APPICON_NAME = AppIcon;
				ASSETCATALOG_COMPILER_GLOBAL_ACCENT_COLOR_NAME = AccentColor;
				CODE_SIGN_STYLE = Automatic;
				CURRENT_PROJECT_VERSION = 1;
				DEVELOPMENT_ASSET_PATHS = "\"TrafficLight/Preview Content\"";
				DEVELOPMENT_TEAM = SA5632LG84;
				ENABLE_PREVIEWS = YES;
				GENERATE_INFOPLIST_FILE = YES;
				INFOPLIST_KEY_UIApplicationSceneManifest_Generation = YES;
				INFOPLIST_KEY_UIApplicationSupportsIndirectInputEvents = YES;
				INFOPLIST_KEY_UILaunchScreen_Generation = YES;
				INFOPLIST_KEY_UISupportedInterfaceOrientations_iPad = "UIInterfaceOrientationPortrait UIInterfaceOrientationPortraitUpsideDown UIInterfaceOrientationLandscapeLeft UIInterfaceOrientationLandscapeRight";
				INFOPLIST_KEY_UISupportedInterfaceOrientations_iPhone = "UIInterfaceOrientationPortrait UIInterfaceOrientationLandscapeLeft UIInterfaceOrientationLandscapeRight";
				IPHONEOS_DEPLOYMENT_TARGET = 17.4;
				LD_RUNPATH_SEARCH_PATHS = (
					"$(inherited)",
					"@executable_path/Frameworks",
				);
				MARKETING_VERSION = 1.0;
				PRODUCT_BUNDLE_IDENTIFIER = com.interview.kbc.TrafficLight;
				PRODUCT_NAME = "$(TARGET_NAME)";
				SWIFT_EMIT_LOC_STRINGS = YES;
				SWIFT_VERSION = 5.0;
				TARGETED_DEVICE_FAMILY = "1,2";
			};
			name = Debug;
		};
		27EACE342BE126C900422A9B /* Release */ = {
			isa = XCBuildConfiguration;
			buildSettings = {
				ASSETCATALOG_COMPILER_APPICON_NAME = AppIcon;
				ASSETCATALOG_COMPILER_GLOBAL_ACCENT_COLOR_NAME = AccentColor;
				CODE_SIGN_STYLE = Automatic;
				CURRENT_PROJECT_VERSION = 1;
				DEVELOPMENT_ASSET_PATHS = "\"TrafficLight/Preview Content\"";
				DEVELOPMENT_TEAM = SA5632LG84;
				ENABLE_PREVIEWS = YES;
				GENERATE_INFOPLIST_FILE = YES;
				INFOPLIST_KEY_UIApplicationSceneManifest_Generation = YES;
				INFOPLIST_KEY_UIApplicationSupportsIndirectInputEvents = YES;
				INFOPLIST_KEY_UILaunchScreen_Generation = YES;
				INFOPLIST_KEY_UISupportedInterfaceOrientations_iPad = "UIInterfaceOrientationPortrait UIInterfaceOrientationPortraitUpsideDown UIInterfaceOrientationLandscapeLeft UIInterfaceOrientationLandscapeRight";
				INFOPLIST_KEY_UISupportedInterfaceOrientations_iPhone = "UIInterfaceOrientationPortrait UIInterfaceOrientationLandscapeLeft UIInterfaceOrientationLandscapeRight";
				IPHONEOS_DEPLOYMENT_TARGET = 17.4;
				LD_RUNPATH_SEARCH_PATHS = (
					"$(inherited)",
					"@executable_path/Frameworks",
				);
				MARKETING_VERSION = 1.0;
				PRODUCT_BUNDLE_IDENTIFIER = com.interview.kbc.TrafficLight;
				PRODUCT_NAME = "$(TARGET_NAME)";
				SWIFT_EMIT_LOC_STRINGS = YES;
				SWIFT_VERSION = 5.0;
				TARGETED_DEVICE_FAMILY = "1,2";
			};
			name = Release;
		};
		27EACE362BE126C900422A9B /* Debug */ = {
			isa = XCBuildConfiguration;
			buildSettings = {
				ALWAYS_EMBED_SWIFT_STANDARD_LIBRARIES = YES;
				BUNDLE_LOADER = "$(TEST_HOST)";
				CODE_SIGN_STYLE = Automatic;
				CURRENT_PROJECT_VERSION = 1;
				DEVELOPMENT_TEAM = SA5632LG84;
				GENERATE_INFOPLIST_FILE = YES;
				IPHONEOS_DEPLOYMENT_TARGET = 17.4;
				MARKETING_VERSION = 1.0;
				PRODUCT_BUNDLE_IDENTIFIER = com.interview.kbc.TrafficLightTests;
				PRODUCT_NAME = "$(TARGET_NAME)";
				SWIFT_EMIT_LOC_STRINGS = NO;
				SWIFT_VERSION = 5.0;
				TARGETED_DEVICE_FAMILY = "1,2";
				TEST_HOST = "$(BUILT_PRODUCTS_DIR)/TrafficLight.app/$(BUNDLE_EXECUTABLE_FOLDER_PATH)/TrafficLight";
			};
			name = Debug;
		};
		27EACE372BE126C900422A9B /* Release */ = {
			isa = XCBuildConfiguration;
			buildSettings = {
				ALWAYS_EMBED_SWIFT_STANDARD_LIBRARIES = YES;
				BUNDLE_LOADER = "$(TEST_HOST)";
				CODE_SIGN_STYLE = Automatic;
				CURRENT_PROJECT_VERSION = 1;
				DEVELOPMENT_TEAM = SA5632LG84;
				GENERATE_INFOPLIST_FILE = YES;
				IPHONEOS_DEPLOYMENT_TARGET = 17.4;
				MARKETING_VERSION = 1.0;
				PRODUCT_BUNDLE_IDENTIFIER = com.interview.kbc.TrafficLightTests;
				PRODUCT_NAME = "$(TARGET_NAME)";
				SWIFT_EMIT_LOC_STRINGS = NO;
				SWIFT_VERSION = 5.0;
				TARGETED_DEVICE_FAMILY = "1,2";
				TEST_HOST = "$(BUILT_PRODUCTS_DIR)/TrafficLight.app/$(BUNDLE_EXECUTABLE_FOLDER_PATH)/TrafficLight";
			};
			name = Release;
		};
		27EACE392BE126C900422A9B /* Debug */ = {
			isa = XCBuildConfiguration;
			buildSettings = {
				ALWAYS_EMBED_SWIFT_STANDARD_LIBRARIES = YES;
				CODE_SIGN_STYLE = Automatic;
				CURRENT_PROJECT_VERSION = 1;
				DEVELOPMENT_TEAM = SA5632LG84;
				GENERATE_INFOPLIST_FILE = YES;
				MARKETING_VERSION = 1.0;
				PRODUCT_BUNDLE_IDENTIFIER = com.interview.kbc.TrafficLightUITests;
				PRODUCT_NAME = "$(TARGET_NAME)";
				SUPPORTED_PLATFORMS = "iphoneos iphonesimulator";
				SUPPORTS_MACCATALYST = YES;
				SUPPORTS_XR_DESIGNED_FOR_IPHONE_IPAD = NO;
				SWIFT_EMIT_LOC_STRINGS = NO;
				SWIFT_VERSION = 5.0;
				TARGETED_DEVICE_FAMILY = "1,2";
				TEST_TARGET_NAME = TrafficLight;
			};
			name = Debug;
		};
		27EACE3A2BE126C900422A9B /* Release */ = {
			isa = XCBuildConfiguration;
			buildSettings = {
				ALWAYS_EMBED_SWIFT_STANDARD_LIBRARIES = YES;
				CODE_SIGN_STYLE = Automatic;
				CURRENT_PROJECT_VERSION = 1;
				DEVELOPMENT_TEAM = SA5632LG84;
				GENERATE_INFOPLIST_FILE = YES;
				MARKETING_VERSION = 1.0;
				PRODUCT_BUNDLE_IDENTIFIER = com.interview.kbc.TrafficLightUITests;
				PRODUCT_NAME = "$(TARGET_NAME)";
				SUPPORTED_PLATFORMS = "iphoneos iphonesimulator";
				SUPPORTS_MACCATALYST = YES;
				SUPPORTS_XR_DESIGNED_FOR_IPHONE_IPAD = NO;
				SWIFT_EMIT_LOC_STRINGS = NO;
				SWIFT_VERSION = 5.0;
				TARGETED_DEVICE_FAMILY = "1,2";
				TEST_TARGET_NAME = TrafficLight;
			};
			name = Release;
		};
/* End XCBuildConfiguration section */

/* Begin XCConfigurationList section */
		27EACE092BE126C700422A9B /* Build configuration list for PBXProject "TrafficLight" */ = {
			isa = XCConfigurationList;
			buildConfigurations = (
				27EACE302BE126C900422A9B /* Debug */,
				27EACE312BE126C900422A9B /* Release */,
			);
			defaultConfigurationIsVisible = 0;
			defaultConfigurationName = Release;
		};
		27EACE322BE126C900422A9B /* Build configuration list for PBXNativeTarget "TrafficLight" */ = {
			isa = XCConfigurationList;
			buildConfigurations = (
				27EACE332BE126C900422A9B /* Debug */,
				27EACE342BE126C900422A9B /* Release */,
			);
			defaultConfigurationIsVisible = 0;
			defaultConfigurationName = Release;
		};
		27EACE352BE126C900422A9B /* Build configuration list for PBXNativeTarget "TrafficLightTests" */ = {
			isa = XCConfigurationList;
			buildConfigurations = (
				27EACE362BE126C900422A9B /* Debug */,
				27EACE372BE126C900422A9B /* Release */,
			);
			defaultConfigurationIsVisible = 0;
			defaultConfigurationName = Release;
		};
		27EACE382BE126C900422A9B /* Build configuration list for PBXNativeTarget "TrafficLightUITests" */ = {
			isa = XCConfigurationList;
			buildConfigurations = (
				27EACE392BE126C900422A9B /* Debug */,
				27EACE3A2BE126C900422A9B /* Release */,
			);
			defaultConfigurationIsVisible = 0;
			defaultConfigurationName = Release;
		};
/* End XCConfigurationList section */
	};
	rootObject = 27EACE062BE126C700422A9B /* Project object */;
}
